
Microsoft Visual Studio Solution File, Format Version 12.00
# Visual Studio Version 17
VisualStudioVersion = 17.0.31815.197
MinimumVisualStudioVersion = 10.0.40219.1
Project("{FAE04EC0-301F-11D3-BF4B-00C04F79EFBC}") = "SyncfusionXlsioOrientationSample.Android", "SyncfusionXlsioOrientationSample\SyncfusionXlsioOrientationSample.Android\SyncfusionXlsioOrientationSample.Android.csproj", "{C2C0CBDC-E7B8-4A32-8550-0E8651818C2C}"
EndProject
Project("{FAE04EC0-301F-11D3-BF4B-00C04F79EFBC}") = "SyncfusionXlsioOrientationSample.iOS", "SyncfusionXlsioOrientationSample\SyncfusionXlsioOrientationSample.iOS\SyncfusionXlsioOrientationSample.iOS.csproj", "{2595CEB0-0D79-49D7-8407-ECB42CE2540A}"
EndProject
Project("{FAE04EC0-301F-11D3-BF4B-00C04F79EFBC}") = "SyncfusionXlsioOrientationSample", "SyncfusionXlsioOrientationSample\SyncfusionXlsioOrientationSample\SyncfusionXlsioOrientationSample.csproj", "{296EFDDF-60D8-48BB-B840-F1D0A937C3B6}"
EndProject
Global
	GlobalSection(SolutionConfigurationPlatforms) = preSolution
		Debug|Any CPU = Debug|Any CPU
		Debug|iPhone = Debug|iPhone
		Debug|iPhoneSimulator = Debug|iPhoneSimulator
		Release|Any CPU = Release|Any CPU
		Release|iPhone = Release|iPhone
		Release|iPhoneSimulator = Release|iPhoneSimulator
	EndGlobalSection
	GlobalSection(ProjectConfigurationPlatforms) = postSolution
		{C2C0CBDC-E7B8-4A32-8550-0E8651818C2C}.Debug|Any CPU.ActiveCfg = Debug|Any CPU
		{C2C0CBDC-E7B8-4A32-8550-0E8651818C2C}.Debug|Any CPU.Build.0 = Debug|Any CPU
		{C2C0CBDC-E7B8-4A32-8550-0E8651818C2C}.Debug|Any CPU.Deploy.0 = Debug|Any CPU
		{C2C0CBDC-E7B8-4A32-8550-0E8651818C2C}.Debug|iPhone.ActiveCfg = Debug|Any CPU
		{C2C0CBDC-E7B8-4A32-8550-0E8651818C2C}.Debug|iPhone.Build.0 = Debug|Any CPU
		{C2C0CBDC-E7B8-4A32-8550-0E8651818C2C}.Debug|iPhone.Deploy.0 = Debug|Any CPU
		{C2C0CBDC-E7B8-4A32-8550-0E8651818C2C}.Debug|iPhoneSimulator.ActiveCfg = Debug|Any CPU
		{C2C0CBDC-E7B8-4A32-8550-0E8651818C2C}.Debug|iPhoneSimulator.Build.0 = Debug|Any CPU
		{C2C0CBDC-E7B8-4A32-8550-0E8651818C2C}.Debug|iPhoneSimulator.Deploy.0 = Debug|Any CPU
		{C2C0CBDC-E7B8-4A32-8550-0E8651818C2C}.Release|Any CPU.ActiveCfg = Release|Any CPU
		{C2C0CBDC-E7B8-4A32-8550-0E8651818C2C}.Release|Any CPU.Build.0 = Release|Any CPU
		{C2C0CBDC-E7B8-4A32-8550-0E8651818C2C}.Release|Any CPU.Deploy.0 = Release|Any CPU
		{C2C0CBDC-E7B8-4A32-8550-0E8651818C2C}.Release|iPhone.ActiveCfg = Release|Any CPU
		{C2C0CBDC-E7B8-4A32-8550-0E8651818C2C}.Release|iPhone.Build.0 = Release|Any CPU
		{C2C0CBDC-E7B8-4A32-8550-0E8651818C2C}.Release|iPhone.Deploy.0 = Release|Any CPU
		{C2C0CBDC-E7B8-4A32-8550-0E8651818C2C}.Release|iPhoneSimulator.ActiveCfg = Release|Any CPU
		{C2C0CBDC-E7B8-4A32-8550-0E8651818C2C}.Release|iPhoneSimulator.Build.0 = Release|Any CPU
		{C2C0CBDC-E7B8-4A32-8550-0E8651818C2C}.Release|iPhoneSimulator.Deploy.0 = Release|Any CPU
		{2595CEB0-0D79-49D7-8407-ECB42CE2540A}.Debug|Any CPU.ActiveCfg = Debug|iPhone
		{2595CEB0-0D79-49D7-8407-ECB42CE2540A}.Debug|Any CPU.Build.0 = Debug|iPhone
		{2595CEB0-0D79-49D7-8407-ECB42CE2540A}.Debug|Any CPU.Deploy.0 = Debug|iPhone
		{2595CEB0-0D79-49D7-8407-ECB42CE2540A}.Debug|iPhone.ActiveCfg = Debug|iPhone
		{2595CEB0-0D79-49D7-8407-ECB42CE2540A}.Debug|iPhone.Build.0 = Debug|iPhone
		{2595CEB0-0D79-49D7-8407-ECB42CE2540A}.Debug|iPhone.Deploy.0 = Debug|iPhone
		{2595CEB0-0D79-49D7-8407-ECB42CE2540A}.Debug|iPhoneSimulator.ActiveCfg = Debug|iPhoneSimulator
		{2595CEB0-0D79-49D7-8407-ECB42CE2540A}.Debug|iPhoneSimulator.Build.0 = Debug|iPhoneSimulator
		{2595CEB0-0D79-49D7-8407-ECB42CE2540A}.Debug|iPhoneSimulator.Deploy.0 = Debug|iPhoneSimulator
		{2595CEB0-0D79-49D7-8407-ECB42CE2540A}.Release|Any CPU.ActiveCfg = Release|iPhoneSimulator
		{2595CEB0-0D79-49D7-8407-ECB42CE2540A}.Release|Any CPU.Build.0 = Release|iPhoneSimulator
		{2595CEB0-0D79-49D7-8407-ECB42CE2540A}.Release|Any CPU.Deploy.0 = Release|iPhoneSimulator
		{2595CEB0-0D79-49D7-8407-ECB42CE2540A}.Release|iPhone.ActiveCfg = Release|iPhone
		{2595CEB0-0D79-49D7-8407-ECB42CE2540A}.Release|iPhone.Build.0 = Release|iPhone
		{2595CEB0-0D79-49D7-8407-ECB42CE2540A}.Release|iPhone.Deploy.0 = Release|iPhone
		{2595CEB0-0D79-49D7-8407-ECB42CE2540A}.Release|iPhoneSimulator.ActiveCfg = Release|iPhoneSimulator
		{2595CEB0-0D79-49D7-8407-ECB42CE2540A}.Release|iPhoneSimulator.Build.0 = Release|iPhoneSimulator
		{2595CEB0-0D79-49D7-8407-ECB42CE2540A}.Release|iPhoneSimulator.Deploy.0 = Release|iPhoneSimulator
		{296EFDDF-60D8-48BB-B840-F1D0A937C3B6}.Debug|Any CPU.ActiveCfg = Debug|Any CPU
		{296EFDDF-60D8-48BB-B840-F1D0A937C3B6}.Debug|Any CPU.Build.0 = Debug|Any CPU
		{296EFDDF-60D8-48BB-B840-F1D0A937C3B6}.Debug|Any CPU.Deploy.0 = Debug|Any CPU
		{296EFDDF-60D8-48BB-B840-F1D0A937C3B6}.Debug|iPhone.ActiveCfg = Debug|Any CPU
		{296EFDDF-60D8-48BB-B840-F1D0A937C3B6}.Debug|iPhone.Build.0 = Debug|Any CPU
		{296EFDDF-60D8-48BB-B840-F1D0A937C3B6}.Debug|iPhone.Deploy.0 = Debug|Any CPU
		{296EFDDF-60D8-48BB-B840-F1D0A937C3B6}.Debug|iPhoneSimulator.ActiveCfg = Debug|Any CPU
		{296EFDDF-60D8-48BB-B840-F1D0A937C3B6}.Debug|iPhoneSimulator.Build.0 = Debug|Any CPU
		{296EFDDF-60D8-48BB-B840-F1D0A937C3B6}.Debug|iPhoneSimulator.Deploy.0 = Debug|Any CPU
		{296EFDDF-60D8-48BB-B840-F1D0A937C3B6}.Release|Any CPU.ActiveCfg = Release|Any CPU
		{296EFDDF-60D8-48BB-B840-F1D0A937C3B6}.Release|Any CPU.Build.0 = Release|Any CPU
		{296EFDDF-60D8-48BB-B840-F1D0A937C3B6}.Release|Any CPU.Deploy.0 = Release|Any CPU
		{296EFDDF-60D8-48BB-B840-F1D0A937C3B6}.Release|iPhone.ActiveCfg = Release|Any CPU
		{296EFDDF-60D8-48BB-B840-F1D0A937C3B6}.Release|iPhone.Build.0 = Release|Any CPU
		{296EFDDF-60D8-48BB-B840-F1D0A937C3B6}.Release|iPhone.Deploy.0 = Release|Any CPU
		{296EFDDF-60D8-48BB-B840-F1D0A937C3B6}.Release|iPhoneSimulator.ActiveCfg = Release|Any CPU
		{296EFDDF-60D8-48BB-B840-F1D0A937C3B6}.Release|iPhoneSimulator.Build.0 = Release|Any CPU
		{296EFDDF-60D8-48BB-B840-F1D0A937C3B6}.Release|iPhoneSimulator.Deploy.0 = Release|Any CPU
	EndGlobalSection
	GlobalSection(SolutionProperties) = preSolution
		HideSolutionNode = FALSE
	EndGlobalSection
	GlobalSection(ExtensibilityGlobals) = postSolution
		SolutionGuid = {C3CC39D7-87E9-4236-9F74-4C86ED8F06A5}
	EndGlobalSection
EndGlobal
